
Microsoft Visual Studio Solution File, Format Version 12.00
# Visual Studio 14
VisualStudioVersion = 14.0.25420.1
MinimumVisualStudioVersion = 10.0.40219.1
Project("{2150E333-8FDC-42A3-9474-1A3956D46DE8}") = "1 - Infra", "1 - Infra", "{5A62BA08-A9EF-493C-9541-D8CACCC0572D}"
EndProject
Project("{2150E333-8FDC-42A3-9474-1A3956D46DE8}") = "1.1 - CrossCutting", "1.1 - CrossCutting", "{321D49CF-3069-4F66-912B-F16C7C2438E4}"
EndProject
Project("{2150E333-8FDC-42A3-9474-1A3956D46DE8}") = "1.2 - Data", "1.2 - Data", "{C630A20A-3662-4131-9345-54529ABFC365}"
EndProject
Project("{2150E333-8FDC-42A3-9474-1A3956D46DE8}") = "2 - Domain", "2 - Domain", "{9C11ABAD-D401-43EB-BEA5-2634A6098008}"
EndProject
Project("{2150E333-8FDC-42A3-9474-1A3956D46DE8}") = "3 - Application", "3 - Application", "{23937CEE-5329-4E2E-BFF4-9F977CDD914B}"
EndProject
Project("{2150E333-8FDC-42A3-9474-1A3956D46DE8}") = "4 - Presentation", "4 - Presentation", "{07D10E17-3D9A-45B0-8EBA-B4A868DB1DB2}"
EndProject
Project("{FAE04EC0-301F-11D3-BF4B-00C04F79EFBC}") = "SBP.Domain", "Source\SBP.Domain\SBP.Domain.csproj", "{34AE8541-1970-4E2E-89A7-6A4EE3EB97F9}"
EndProject
Project("{FAE04EC0-301F-11D3-BF4B-00C04F79EFBC}") = "SBP.Infra.Data", "Source\SBP.Infra.Data\SBP.Infra.Data.csproj", "{27C53A2D-CAF1-4D20-ACEE-14178D45962A}"
EndProject
Project("{FAE04EC0-301F-11D3-BF4B-00C04F79EFBC}") = "SBP.Application", "Source\SBP.Application\SBP.Application.csproj", "{1DC53C80-9352-4CA9-B541-5BA24B45A7CE}"
EndProject
Project("{FAE04EC0-301F-11D3-BF4B-00C04F79EFBC}") = "SBP.Domain.SharedKernel", "Source\SBP.Domain.SharedKernel\SBP.Domain.SharedKernel.csproj", "{80DB1301-B403-4CC2-B6D6-F42DE1EAF7CE}"
EndProject
Project("{FAE04EC0-301F-11D3-BF4B-00C04F79EFBC}") = "SBP.Presentation.Api", "Source\SBP.Presentation.Api\SBP.Presentation.Api.csproj", "{8B80136B-B5FC-4C78-927F-C4AF8DF2FE75}"
EndProject
Project("{FAE04EC0-301F-11D3-BF4B-00C04F79EFBC}") = "SBP.Infra.CrossCutting.IoC", "Source\SBP.Infra.CrossCutting.IoC\SBP.Infra.CrossCutting.IoC.csproj", "{6F2D7CBD-35B2-4F22-8DBA-05C5377ECE22}"
EndProject
Global
	GlobalSection(SolutionConfigurationPlatforms) = preSolution
		Debug|Any CPU = Debug|Any CPU
		Release|Any CPU = Release|Any CPU
	EndGlobalSection
	GlobalSection(ProjectConfigurationPlatforms) = postSolution
		{34AE8541-1970-4E2E-89A7-6A4EE3EB97F9}.Debug|Any CPU.ActiveCfg = Debug|Any CPU
		{34AE8541-1970-4E2E-89A7-6A4EE3EB97F9}.Debug|Any CPU.Build.0 = Debug|Any CPU
		{34AE8541-1970-4E2E-89A7-6A4EE3EB97F9}.Release|Any CPU.ActiveCfg = Release|Any CPU
		{34AE8541-1970-4E2E-89A7-6A4EE3EB97F9}.Release|Any CPU.Build.0 = Release|Any CPU
		{27C53A2D-CAF1-4D20-ACEE-14178D45962A}.Debug|Any CPU.ActiveCfg = Debug|Any CPU
		{27C53A2D-CAF1-4D20-ACEE-14178D45962A}.Debug|Any CPU.Build.0 = Debug|Any CPU
		{27C53A2D-CAF1-4D20-ACEE-14178D45962A}.Release|Any CPU.ActiveCfg = Release|Any CPU
		{27C53A2D-CAF1-4D20-ACEE-14178D45962A}.Release|Any CPU.Build.0 = Release|Any CPU
		{1DC53C80-9352-4CA9-B541-5BA24B45A7CE}.Debug|Any CPU.ActiveCfg = Debug|Any CPU
		{1DC53C80-9352-4CA9-B541-5BA24B45A7CE}.Debug|Any CPU.Build.0 = Debug|Any CPU
		{1DC53C80-9352-4CA9-B541-5BA24B45A7CE}.Release|Any CPU.ActiveCfg = Release|Any CPU
		{1DC53C80-9352-4CA9-B541-5BA24B45A7CE}.Release|Any CPU.Build.0 = Release|Any CPU
		{80DB1301-B403-4CC2-B6D6-F42DE1EAF7CE}.Debug|Any CPU.ActiveCfg = Debug|Any CPU
		{80DB1301-B403-4CC2-B6D6-F42DE1EAF7CE}.Debug|Any CPU.Build.0 = Debug|Any CPU
		{80DB1301-B403-4CC2-B6D6-F42DE1EAF7CE}.Release|Any CPU.ActiveCfg = Release|Any CPU
		{80DB1301-B403-4CC2-B6D6-F42DE1EAF7CE}.Release|Any CPU.Build.0 = Release|Any CPU
		{8B80136B-B5FC-4C78-927F-C4AF8DF2FE75}.Debug|Any CPU.ActiveCfg = Debug|Any CPU
		{8B80136B-B5FC-4C78-927F-C4AF8DF2FE75}.Debug|Any CPU.Build.0 = Debug|Any CPU
		{8B80136B-B5FC-4C78-927F-C4AF8DF2FE75}.Release|Any CPU.ActiveCfg = Release|Any CPU
		{8B80136B-B5FC-4C78-927F-C4AF8DF2FE75}.Release|Any CPU.Build.0 = Release|Any CPU
		{6F2D7CBD-35B2-4F22-8DBA-05C5377ECE22}.Debug|Any CPU.ActiveCfg = Debug|Any CPU
		{6F2D7CBD-35B2-4F22-8DBA-05C5377ECE22}.Debug|Any CPU.Build.0 = Debug|Any CPU
		{6F2D7CBD-35B2-4F22-8DBA-05C5377ECE22}.Release|Any CPU.ActiveCfg = Release|Any CPU
		{6F2D7CBD-35B2-4F22-8DBA-05C5377ECE22}.Release|Any CPU.Build.0 = Release|Any CPU
	EndGlobalSection
	GlobalSection(SolutionProperties) = preSolution
		HideSolutionNode = FALSE
	EndGlobalSection
	GlobalSection(NestedProjects) = preSolution
		{321D49CF-3069-4F66-912B-F16C7C2438E4} = {5A62BA08-A9EF-493C-9541-D8CACCC0572D}
		{C630A20A-3662-4131-9345-54529ABFC365} = {5A62BA08-A9EF-493C-9541-D8CACCC0572D}
		{34AE8541-1970-4E2E-89A7-6A4EE3EB97F9} = {9C11ABAD-D401-43EB-BEA5-2634A6098008}
		{27C53A2D-CAF1-4D20-ACEE-14178D45962A} = {C630A20A-3662-4131-9345-54529ABFC365}
		{1DC53C80-9352-4CA9-B541-5BA24B45A7CE} = {23937CEE-5329-4E2E-BFF4-9F977CDD914B}
		{80DB1301-B403-4CC2-B6D6-F42DE1EAF7CE} = {9C11ABAD-D401-43EB-BEA5-2634A6098008}
		{8B80136B-B5FC-4C78-927F-C4AF8DF2FE75} = {07D10E17-3D9A-45B0-8EBA-B4A868DB1DB2}
		{6F2D7CBD-35B2-4F22-8DBA-05C5377ECE22} = {321D49CF-3069-4F66-912B-F16C7C2438E4}
	EndGlobalSection
EndGlobal
